Microsoft Visual Studio Solution File, Format Version 12.00
# Visual Studio Version 17
VisualStudioVersion = 17.5.2.0
MinimumVisualStudioVersion = 10.0.40219.1
Project("{FAE04EC0-301F-11D3-BF4B-00C04F79EFBC}") = "NonoProjeto", "NonoProjeto.csproj", "{758D6998-8911-22C5-D462-25044123FB08}"
EndProject
Global
	GlobalSection(SolutionConfigurationPlatforms) = preSolution
		Debug|Any CPU = Debug|Any CPU
		Release|Any CPU = Release|Any CPU
	EndGlobalSection
	GlobalSection(ProjectConfigurationPlatforms) = postSolution
		{758D6998-8911-22C5-D462-25044123FB08}.Debug|Any CPU.ActiveCfg = Debug|Any CPU
		{758D6998-8911-22C5-D462-25044123FB08}.Debug|Any CPU.Build.0 = Debug|Any CPU
		{758D6998-8911-22C5-D462-25044123FB08}.Release|Any CPU.ActiveCfg = Release|Any CPU
		{758D6998-8911-22C5-D462-25044123FB08}.Release|Any CPU.Build.0 = Release|Any CPU
	EndGlobalSection
	GlobalSection(SolutionProperties) = preSolution
		HideSolutionNode = FALSE
	EndGlobalSection
	GlobalSection(ExtensibilityGlobals) = postSolution
		SolutionGuid = {753F1265-E1C2-4BCE-B88E-4106878C1FDC}
	EndGlobalSection
EndGlobal
